// !$*UTF8*$!
{
	archiveVersion = 1;
	classes = {
	};
	objectVersion = 55;
	objects = {

/* Begin PBXBuildFile section */
		2771BEE05D795C5092530AAE /* Pods_DamDa.framework in Frameworks */ = {isa = PBXBuildFile; fileRef = F290CA9546D188B9F27FAEE1 /* Pods_DamDa.framework */; };
		DA43D984292CC23D0046586C /* DiaryListTableViewCell.swift in Sources */ = {isa = PBXBuildFile; fileRef = DA43D982292CC23D0046586C /* DiaryListTableViewCell.swift */; };
		DA43D985292CC23D0046586C /* DiaryListTableViewCell.xib in Resources */ = {isa = PBXBuildFile; fileRef = DA43D983292CC23D0046586C /* DiaryListTableViewCell.xib */; };
		DAA59C6429276B7C00CC5781 /* DiaryModel.swift in Sources */ = {isa = PBXBuildFile; fileRef = DAA59C6329276B7C00CC5781 /* DiaryModel.swift */; };
		DAA59C8F29277C9400CC5781 /* splash.json in Resources */ = {isa = PBXBuildFile; fileRef = DAA59C8E29277C9400CC5781 /* splash.json */; };
		DABABC15292F1C5A00A320AD /* AddImageViewCell.swift in Sources */ = {isa = PBXBuildFile; fileRef = DABABC14292F1C5A00A320AD /* AddImageViewCell.swift */; };
		DABABC1829383AF300A320AD /* DetailViewModel.swift in Sources */ = {isa = PBXBuildFile; fileRef = DABABC1729383AF300A320AD /* DetailViewModel.swift */; };
		DABABC1A29383FAE00A320AD /* UserSelectedImageCell.swift in Sources */ = {isa = PBXBuildFile; fileRef = DABABC1929383FAE00A320AD /* UserSelectedImageCell.swift */; };
		DABABC1C2946B7E200A320AD /* loadService.swift in Sources */ = {isa = PBXBuildFile; fileRef = DABABC1B2946B7E200A320AD /* loadService.swift */; };
		DABCDF69296C048B002F9BA9 /* Realm in Frameworks */ = {isa = PBXBuildFile; productRef = DABCDF68296C048B002F9BA9 /* Realm */; };
		DABCDF6B296C048B002F9BA9 /* RealmSwift in Frameworks */ = {isa = PBXBuildFile; productRef = DABCDF6A296C048B002F9BA9 /* RealmSwift */; };
		DAC1581F296BD004002C73E7 /* WrittenViewController.swift in Sources */ = {isa = PBXBuildFile; fileRef = DAC1581E296BD004002C73E7 /* WrittenViewController.swift */; };
		DAD474192832282F0063912A /* AppDelegate.swift in Sources */ = {isa = PBXBuildFile; fileRef = DAD474182832282F0063912A /* AppDelegate.swift */; };
		DAD4741B2832282F0063912A /* SceneDelegate.swift in Sources */ = {isa = PBXBuildFile; fileRef = DAD4741A2832282F0063912A /* SceneDelegate.swift */; };
		DAD4741D2832282F0063912A /* DetailViewController.swift in Sources */ = {isa = PBXBuildFile; fileRef = DAD4741C2832282F0063912A /* DetailViewController.swift */; };
		DAD474202832282F0063912A /* Main.storyboard in Resources */ = {isa = PBXBuildFile; fileRef = DAD4741E2832282F0063912A /* Main.storyboard */; };
		DAD47422283228310063912A /* Assets.xcassets in Resources */ = {isa = PBXBuildFile; fileRef = DAD47421283228310063912A /* Assets.xcassets */; };
		DAD51A852844F107002A2914 /* BSImagePicker in Frameworks */ = {isa = PBXBuildFile; productRef = DAD51A842844F107002A2914 /* BSImagePicker */; };
		DAD51A8E2844FBEA002A2914 /* StartViewController.swift in Sources */ = {isa = PBXBuildFile; fileRef = DAD51A8D2844FBEA002A2914 /* StartViewController.swift */; };
/* End PBXBuildFile section */

/* Begin PBXFileReference section */
		0A123CFFE218BD1A2D079F17 /* Pods-DamDa.release.xcconfig */ = {isa = PBXFileReference; includeInIndex = 1; lastKnownFileType = text.xcconfig; name = "Pods-DamDa.release.xcconfig"; path = "Target Support Files/Pods-DamDa/Pods-DamDa.release.xcconfig"; sourceTree = "<group>"; };
		6E87F1BBAC4F41B61A3849C5 /* Pods-DamDa.debug.xcconfig */ = {isa = PBXFileReference; includeInIndex = 1; lastKnownFileType = text.xcconfig; name = "Pods-DamDa.debug.xcconfig"; path = "Target Support Files/Pods-DamDa/Pods-DamDa.debug.xcconfig"; sourceTree = "<group>"; };
		DA43D982292CC23D0046586C /* DiaryListTableViewCell.swift */ = {isa = PBXFileReference; lastKnownFileType = sourcecode.swift; path = DiaryListTableViewCell.swift; sourceTree = "<group>"; };
		DA43D983292CC23D0046586C /* DiaryListTableViewCell.xib */ = {isa = PBXFileReference; lastKnownFileType = file.xib; path = DiaryListTableViewCell.xib; sourceTree = "<group>"; };
		DAA59C6329276B7C00CC5781 /* DiaryModel.swift */ = {isa = PBXFileReference; lastKnownFileType = sourcecode.swift; path = DiaryModel.swift; sourceTree = "<group>"; };
		DAA59C8E29277C9400CC5781 /* splash.json */ = {isa = PBXFileReference; fileEncoding = 4; lastKnownFileType = text.json; path = splash.json; sourceTree = SOURCE_ROOT; };
		DABABC14292F1C5A00A320AD /* AddImageViewCell.swift */ = {isa = PBXFileReference; lastKnownFileType = sourcecode.swift; path = AddImageViewCell.swift; sourceTree = "<group>"; };
		DABABC1729383AF300A320AD /* DetailViewModel.swift */ = {isa = PBXFileReference; lastKnownFileType = sourcecode.swift; path = DetailViewModel.swift; sourceTree = "<group>"; };
		DABABC1929383FAE00A320AD /* UserSelectedImageCell.swift */ = {isa = PBXFileReference; lastKnownFileType = sourcecode.swift; path = UserSelectedImageCell.swift; sourceTree = "<group>"; };
		DABABC1B2946B7E200A320AD /* loadService.swift */ = {isa = PBXFileReference; lastKnownFileType = sourcecode.swift; path = loadService.swift; sourceTree = "<group>"; };
		DAC1581E296BD004002C73E7 /* WrittenViewController.swift */ = {isa = PBXFileReference; lastKnownFileType = sourcecode.swift; path = WrittenViewController.swift; sourceTree = "<group>"; };
		DAD474152832282F0063912A /* DamDa.app */ = {isa = PBXFileReference; explicitFileType = wrapper.application; includeInIndex = 0; path = DamDa.app; sourceTree = BUILT_PRODUCTS_DIR; };
		DAD474182832282F0063912A /* AppDelegate.swift */ = {isa = PBXFileReference; lastKnownFileType = sourcecode.swift; path = AppDelegate.swift; sourceTree = "<group>"; };
		DAD4741A2832282F0063912A /* SceneDelegate.swift */ = {isa = PBXFileReference; lastKnownFileType = sourcecode.swift; path = SceneDelegate.swift; sourceTree = "<group>"; };
		DAD4741C2832282F0063912A /* DetailViewController.swift */ = {isa = PBXFileReference; lastKnownFileType = sourcecode.swift; path = DetailViewController.swift; sourceTree = "<group>"; };
		DAD4741F2832282F0063912A /* Base */ = {isa = PBXFileReference; lastKnownFileType = file.storyboard; name = Base; path = Base.lproj/Main.storyboard; sourceTree = "<group>"; };
		DAD47421283228310063912A /* Assets.xcassets */ = {isa = PBXFileReference; lastKnownFileType = folder.assetcatalog; path = Assets.xcassets; sourceTree = "<group>"; };
		DAD47426283228310063912A /* Info.plist */ = {isa = PBXFileReference; lastKnownFileType = text.plist.xml; path = Info.plist; sourceTree = "<group>"; };
		DAD51A8D2844FBEA002A2914 /* StartViewController.swift */ = {isa = PBXFileReference; lastKnownFileType = sourcecode.swift; path = StartViewController.swift; sourceTree = "<group>"; };
		F290CA9546D188B9F27FAEE1 /* Pods_DamDa.framework */ = {isa = PBXFileReference; explicitFileType = wrapper.framework; includeInIndex = 0; path = Pods_DamDa.framework; sourceTree = BUILT_PRODUCTS_DIR; };
/* End PBXFileReference section */

/* Begin PBXFrameworksBuildPhase section */
		DAD474122832282F0063912A /* Frameworks */ = {
			isa = PBXFrameworksBuildPhase;
			buildActionMask = 2147483647;
			files = (
				DABCDF6B296C048B002F9BA9 /* RealmSwift in Frameworks */,
				DABCDF69296C048B002F9BA9 /* Realm in Frameworks */,
				DAD51A852844F107002A2914 /* BSImagePicker in Frameworks */,
				2771BEE05D795C5092530AAE /* Pods_DamDa.framework in Frameworks */,
			);
			runOnlyForDeploymentPostprocessing = 0;
		};
/* End PBXFrameworksBuildPhase section */

/* Begin PBXGroup section */
		7CC09E197E222722BE7DA191 /* Pods */ = {
			isa = PBXGroup;
			children = (
				6E87F1BBAC4F41B61A3849C5 /* Pods-DamDa.debug.xcconfig */,
				0A123CFFE218BD1A2D079F17 /* Pods-DamDa.release.xcconfig */,
			);
			path = Pods;
			sourceTree = "<group>";
		};
		DAA59C5C29276A2300CC5781 /* Data */ = {
			isa = PBXGroup;
			children = (
				DAA59C6329276B7C00CC5781 /* DiaryModel.swift */,
			);
			path = Data;
			sourceTree = "<group>";
		};
		DAA59C5D29276A3200CC5781 /* ViewControllers */ = {
			isa = PBXGroup;
			children = (
				DAD51A8D2844FBEA002A2914 /* StartViewController.swift */,
				DAD4741C2832282F0063912A /* DetailViewController.swift */,
				DAC1581E296BD004002C73E7 /* WrittenViewController.swift */,
			);
			path = ViewControllers;
			sourceTree = "<group>";
		};
		DAA59C6729276C8200CC5781 /* LoadService */ = {
			isa = PBXGroup;
			children = (
				DABABC1B2946B7E200A320AD /* loadService.swift */,
			);
			path = LoadService;
			sourceTree = "<group>";
		};
		DABABBEB292CC79F00A320AD /* Views */ = {
			isa = PBXGroup;
			children = (
				DAD4741E2832282F0063912A /* Main.storyboard */,
				DA43D982292CC23D0046586C /* DiaryListTableViewCell.swift */,
				DA43D983292CC23D0046586C /* DiaryListTableViewCell.xib */,
				DABABC14292F1C5A00A320AD /* AddImageViewCell.swift */,
				DABABC1929383FAE00A320AD /* UserSelectedImageCell.swift */,
			);
			path = Views;
			sourceTree = "<group>";
		};
		DABABC1629383A9D00A320AD /* ViewModels */ = {
			isa = PBXGroup;
			children = (
				DABABC1729383AF300A320AD /* DetailViewModel.swift */,
			);
			path = ViewModels;
			sourceTree = "<group>";
		};
		DAD4740C2832282F0063912A = {
			isa = PBXGroup;
			children = (
				DAA59C8E29277C9400CC5781 /* splash.json */,
				DAD474172832282F0063912A /* DamDa */,
				DAD474162832282F0063912A /* Products */,
				7CC09E197E222722BE7DA191 /* Pods */,
				FA894FADE69E5922319B2DA7 /* Frameworks */,
			);
			sourceTree = "<group>";
		};
		DAD474162832282F0063912A /* Products */ = {
			isa = PBXGroup;
			children = (
				DAD474152832282F0063912A /* DamDa.app */,
			);
			name = Products;
			sourceTree = "<group>";
		};
		DAD474172832282F0063912A /* DamDa */ = {
			isa = PBXGroup;
			children = (
				DAD474182832282F0063912A /* AppDelegate.swift */,
				DAD4741A2832282F0063912A /* SceneDelegate.swift */,
				DAA59C5C29276A2300CC5781 /* Data */,
				DAA59C6729276C8200CC5781 /* LoadService */,
				DABABC1629383A9D00A320AD /* ViewModels */,
				DAA59C5D29276A3200CC5781 /* ViewControllers */,
				DABABBEB292CC79F00A320AD /* Views */,
				DAD47421283228310063912A /* Assets.xcassets */,
				DAD47426283228310063912A /* Info.plist */,
			);
			path = DamDa;
			sourceTree = "<group>";
		};
		FA894FADE69E5922319B2DA7 /* Frameworks */ = {
			isa = PBXGroup;
			children = (
				F290CA9546D188B9F27FAEE1 /* Pods_DamDa.framework */,
			);
			name = Frameworks;
			sourceTree = "<group>";
		};
/* End PBXGroup section */

/* Begin PBXNativeTarget section */
		DAD474142832282F0063912A /* DamDa */ = {
			isa = PBXNativeTarget;
			buildConfigurationList = DAD47429283228310063912A /* Build configuration list for PBXNativeTarget "DamDa" */;
			buildPhases = (
				425D6BE30DA12ABDE4024353 /* [CP] Check Pods Manifest.lock */,
				DAD474112832282F0063912A /* Sources */,
				DAD474122832282F0063912A /* Frameworks */,
				DAD474132832282F0063912A /* Resources */,
				BEBEF4094A7AC5CBBE0023E9 /* [CP] Embed Pods Frameworks */,
			);
			buildRules = (
			);
			dependencies = (
			);
			name = DamDa;
			packageProductDependencies = (
				DAD51A842844F107002A2914 /* BSImagePicker */,
				DABCDF68296C048B002F9BA9 /* Realm */,
				DABCDF6A296C048B002F9BA9 /* RealmSwift */,
			);
			productName = DamDa;
			productReference = DAD474152832282F0063912A /* DamDa.app */;
			productType = "com.apple.product-type.application";
		};
/* End PBXNativeTarget section */

/* Begin PBXProject section */
		DAD4740D2832282F0063912A /* Project object */ = {
			isa = PBXProject;
			attributes = {
				BuildIndependentTargetsInParallel = 1;
				LastSwiftUpdateCheck = 1330;
				LastUpgradeCheck = 1330;
				TargetAttributes = {
					DAD474142832282F0063912A = {
						CreatedOnToolsVersion = 13.3.1;
					};
				};
			};
			buildConfigurationList = DAD474102832282F0063912A /* Build configuration list for PBXProject "DamDa" */;
			compatibilityVersion = "Xcode 13.0";
			developmentRegion = en;
			hasScannedForEncodings = 0;
			knownRegions = (
				en,
				Base,
			);
			mainGroup = DAD4740C2832282F0063912A;
			packageReferences = (
				DAD51A832844F107002A2914 /* XCRemoteSwiftPackageReference "BSImagePicker" */,
				DABCDF67296C048B002F9BA9 /* XCRemoteSwiftPackageReference "realm-swift" */,
			);
			productRefGroup = DAD474162832282F0063912A /* Products */;
			projectDirPath = "";
			projectRoot = "";
			targets = (
				DAD474142832282F0063912A /* DamDa */,
			);
		};
/* End PBXProject section */

/* Begin PBXResourcesBuildPhase section */
		DAD474132832282F0063912A /* Resources */ = {
			isa = PBXResourcesBuildPhase;
			buildActionMask = 2147483647;
			files = (
				DAA59C8F29277C9400CC5781 /* splash.json in Resources */,
				DAD47422283228310063912A /* Assets.xcassets in Resources */,
				DAD474202832282F0063912A /* Main.storyboard in Resources */,
				DA43D985292CC23D0046586C /* DiaryListTableViewCell.xib in Resources */,
			);
			runOnlyForDeploymentPostprocessing = 0;
		};
/* End PBXResourcesBuildPhase section */

/* Begin PBXShellScriptBuildPhase section */
		425D6BE30DA12ABDE4024353 /* [CP] Check Pods Manifest.lock */ = {
			isa = PBXShellScriptBuildPhase;
			buildActionMask = 2147483647;
			files = (
			);
			inputFileListPaths = (
			);
			inputPaths = (
				"${PODS_PODFILE_DIR_PATH}/Podfile.lock",
				"${PODS_ROOT}/Manifest.lock",
			);
			name = "[CP] Check Pods Manifest.lock";
			outputFileListPaths = (
			);
			outputPaths = (
				"$(DERIVED_FILE_DIR)/Pods-DamDa-checkManifestLockResult.txt",
			);
			runOnlyForDeploymentPostprocessing = 0;
			shellPath = /bin/sh;
			shellScript = "diff \"${PODS_PODFILE_DIR_PATH}/Podfile.lock\" \"${PODS_ROOT}/Manifest.lock\" > /dev/null\nif [ $? != 0 ] ; then\n    # print error to STDERR\n    echo \"error: The sandbox is not in sync with the Podfile.lock. Run 'pod install' or update your CocoaPods installation.\" >&2\n    exit 1\nfi\n# This output is used by Xcode 'outputs' to avoid re-running this script phase.\necho \"SUCCESS\" > \"${SCRIPT_OUTPUT_FILE_0}\"\n";
			showEnvVarsInLog = 0;
		};
		BEBEF4094A7AC5CBBE0023E9 /* [CP] Embed Pods Frameworks */ = {
			isa = PBXShellScriptBuildPhase;
			buildActionMask = 2147483647;
			files = (
			);
			inputFileListPaths = (
				"${PODS_ROOT}/Target Support Files/Pods-DamDa/Pods-DamDa-frameworks-${CONFIGURATION}-input-files.xcfilelist",
			);
			name = "[CP] Embed Pods Frameworks";
			outputFileListPaths = (
				"${PODS_ROOT}/Target Support Files/Pods-DamDa/Pods-DamDa-frameworks-${CONFIGURATION}-output-files.xcfilelist",
			);
			runOnlyForDeploymentPostprocessing = 0;
			shellPath = /bin/sh;
			shellScript = "\"${PODS_ROOT}/Target Support Files/Pods-DamDa/Pods-DamDa-frameworks.sh\"\n";
			showEnvVarsInLog = 0;
		};
/* End PBXShellScriptBuildPhase section */

/* Begin PBXSourcesBuildPhase section */
		DAD474112832282F0063912A /* Sources */ = {
			isa = PBXSourcesBuildPhase;
			buildActionMask = 2147483647;
			files = (
				DAD4741D2832282F0063912A /* DetailViewController.swift in Sources */,
				DABABC15292F1C5A00A320AD /* AddImageViewCell.swift in Sources */,
				DAD51A8E2844FBEA002A2914 /* StartViewController.swift in Sources */,
				DAA59C6429276B7C00CC5781 /* DiaryModel.swift in Sources */,
				DAD474192832282F0063912A /* AppDelegate.swift in Sources */,
				DABABC1C2946B7E200A320AD /* loadService.swift in Sources */,
				DABABC1A29383FAE00A320AD /* UserSelectedImageCell.swift in Sources */,
				DAD4741B2832282F0063912A /* SceneDelegate.swift in Sources */,
				DA43D984292CC23D0046586C /* DiaryListTableViewCell.swift in Sources */,
				DAC1581F296BD004002C73E7 /* WrittenViewController.swift in Sources */,
				DABABC1829383AF300A320AD /* DetailViewModel.swift in Sources */,
			);
			runOnlyForDeploymentPostprocessing = 0;
		};
/* End PBXSourcesBuildPhase section */

/* Begin PBXVariantGroup section */
		DAD4741E2832282F0063912A /* Main.storyboard */ = {
			isa = PBXVariantGroup;
			children = (
				DAD4741F2832282F0063912A /* Base */,
			);
			name = Main.storyboard;
			sourceTree = "<group>";
		};
/* End PBXVariantGroup section */

/* Begin XCBuildConfiguration section */
		DAD47427283228310063912A /* Debug */ = {
			isa = XCBuildConfiguration;
			buildSettings = {
				ALWAYS_SEARCH_USER_PATHS = NO;
				CLANG_ANALYZER_NONNULL = YES;
				CLANG_ANALYZER_NUMBER_OBJECT_CONVERSION = YES_AGGRESSIVE;
				CLANG_CXX_LANGUAGE_STANDARD = "gnu++17";
				CLANG_ENABLE_MODULES = YES;
				CLANG_ENABLE_OBJC_ARC = YES;
				CLANG_ENABLE_OBJC_WEAK = YES;
				CLANG_WARN_BLOCK_CAPTURE_AUTORELEASING = YES;
				CLANG_WARN_BOOL_CONVERSION = YES;
				CLANG_WARN_COMMA = YES;
				CLANG_WARN_CONSTANT_CONVERSION = YES;
				CLANG_WARN_DEPRECATED_OBJC_IMPLEMENTATIONS = YES;
				CLANG_WARN_DIRECT_OBJC_ISA_USAGE = YES_ERROR;
				CLANG_WARN_DOCUMENTATION_COMMENTS = YES;
				CLANG_WARN_EMPTY_BODY = YES;
				CLANG_WARN_ENUM_CONVERSION = YES;
				CLANG_WARN_INFINITE_RECURSION = YES;
				CLANG_WARN_INT_CONVERSION = YES;
				CLANG_WARN_NON_LITERAL_NULL_CONVERSION = YES;
				CLANG_WARN_OBJC_IMPLICIT_RETAIN_SELF = YES;
				CLANG_WARN_OBJC_LITERAL_CONVERSION = YES;
				CLANG_WARN_OBJC_ROOT_CLASS = YES_ERROR;
				CLANG_WARN_QUOTED_INCLUDE_IN_FRAMEWORK_HEADER = YES;
				CLANG_WARN_RANGE_LOOP_ANALYSIS = YES;
				CLANG_WARN_STRICT_PROTOTYPES = YES;
				CLANG_WARN_SUSPICIOUS_MOVE = YES;
				CLANG_WARN_UNGUARDED_AVAILABILITY = YES_AGGRESSIVE;
				CLANG_WARN_UNREACHABLE_CODE = YES;
				CLANG_WARN__DUPLICATE_METHOD_MATCH = YES;
				COPY_PHASE_STRIP = NO;
				DEBUG_INFORMATION_FORMAT = dwarf;
				ENABLE_STRICT_OBJC_MSGSEND = YES;
				ENABLE_TESTABILITY = YES;
				GCC_C_LANGUAGE_STANDARD = gnu11;
				GCC_DYNAMIC_NO_PIC = NO;
				GCC_NO_COMMON_BLOCKS = YES;
				GCC_OPTIMIZATION_LEVEL = 0;
				GCC_PREPROCESSOR_DEFINITIONS = (
					"DEBUG=1",
					"$(inherited)",
				);
				GCC_WARN_64_TO_32_BIT_CONVERSION = YES;
				GCC_WARN_ABOUT_RETURN_TYPE = YES_ERROR;
				GCC_WARN_UNDECLARED_SELECTOR = YES;
				GCC_WARN_UNINITIALIZED_AUTOS = YES_AGGRESSIVE;
				GCC_WARN_UNUSED_FUNCTION = YES;
				GCC_WARN_UNUSED_VARIABLE = YES;
				IPHONEOS_DEPLOYMENT_TARGET = 16.2;
				MTL_ENABLE_DEBUG_INFO = INCLUDE_SOURCE;
				MTL_FAST_MATH = YES;
				ONLY_ACTIVE_ARCH = YES;
				SDKROOT = iphoneos;
				SWIFT_ACTIVE_COMPILATION_CONDITIONS = DEBUG;
				SWIFT_OPTIMIZATION_LEVEL = "-Onone";
			};
			name = Debug;
		};
		DAD47428283228310063912A /* Release */ = {
			isa = XCBuildConfiguration;
			buildSettings = {
				ALWAYS_SEARCH_USER_PATHS = NO;
				CLANG_ANALYZER_NONNULL = YES;
				CLANG_ANALYZER_NUMBER_OBJECT_CONVERSION = YES_AGGRESSIVE;
				CLANG_CXX_LANGUAGE_STANDARD = "gnu++17";
				CLANG_ENABLE_MODULES = YES;
				CLANG_ENABLE_OBJC_ARC = YES;
				CLANG_ENABLE_OBJC_WEAK = YES;
				CLANG_WARN_BLOCK_CAPTURE_AUTORELEASING = YES;
				CLANG_WARN_BOOL_CONVERSION = YES;
				CLANG_WARN_COMMA = YES;
				CLANG_WARN_CONSTANT_CONVERSION = YES;
				CLANG_WARN_DEPRECATED_OBJC_IMPLEMENTATIONS = YES;
				CLANG_WARN_DIRECT_OBJC_ISA_USAGE = YES_ERROR;
				CLANG_WARN_DOCUMENTATION_COMMENTS = YES;
				CLANG_WARN_EMPTY_BODY = YES;
				CLANG_WARN_ENUM_CONVERSION = YES;
				CLANG_WARN_INFINITE_RECURSION = YES;
				CLANG_WARN_INT_CONVERSION = YES;
				CLANG_WARN_NON_LITERAL_NULL_CONVERSION = YES;
				CLANG_WARN_OBJC_IMPLICIT_RETAIN_SELF = YES;
				CLANG_WARN_OBJC_LITERAL_CONVERSION = YES;
				CLANG_WARN_OBJC_ROOT_CLASS = YES_ERROR;
				CLANG_WARN_QUOTED_INCLUDE_IN_FRAMEWORK_HEADER = YES;
				CLANG_WARN_RANGE_LOOP_ANALYSIS = YES;
				CLANG_WARN_STRICT_PROTOTYPES = YES;
				CLANG_WARN_SUSPICIOUS_MOVE = YES;
				CLANG_WARN_UNGUARDED_AVAILABILITY = YES_AGGRESSIVE;
				CLANG_WARN_UNREACHABLE_CODE = YES;
				CLANG_WARN__DUPLICATE_METHOD_MATCH = YES;
				COPY_PHASE_STRIP = NO;
				DEBUG_INFORMATION_FORMAT = "dwarf-with-dsym";
				ENABLE_NS_ASSERTIONS = NO;
				ENABLE_STRICT_OBJC_MSGSEND = YES;
				GCC_C_LANGUAGE_STANDARD = gnu11;
				GCC_NO_COMMON_BLOCKS = YES;
				GCC_WARN_64_TO_32_BIT_CONVERSION = YES;
				GCC_WARN_ABOUT_RETURN_TYPE = YES_ERROR;
				GCC_WARN_UNDECLARED_SELECTOR = YES;
				GCC_WARN_UNINITIALIZED_AUTOS = YES_AGGRESSIVE;
				GCC_WARN_UNUSED_FUNCTION = YES;
				GCC_WARN_UNUSED_VARIABLE = YES;
				IPHONEOS_DEPLOYMENT_TARGET = 16.2;
				MTL_ENABLE_DEBUG_INFO = NO;
				MTL_FAST_MATH = YES;
				SDKROOT = iphoneos;
				SWIFT_COMPILATION_MODE = wholemodule;
				SWIFT_OPTIMIZATION_LEVEL = "-O";
				VALIDATE_PRODUCT = YES;
			};
			name = Release;
		};
		DAD4742A283228310063912A /* Debug */ = {
			isa = XCBuildConfiguration;
			baseConfigurationReference = 6E87F1BBAC4F41B61A3849C5 /* Pods-DamDa.debug.xcconfig */;
			buildSettings = {
				ASSETCATALOG_COMPILER_APPICON_NAME = AppIcon;
				ASSETCATALOG_COMPILER_GLOBAL_ACCENT_COLOR_NAME = AccentColor;
				CODE_SIGN_STYLE = Automatic;
				CURRENT_PROJECT_VERSION = 1;
				DEVELOPMENT_TEAM = FX638LFAPD;
				GENERATE_INFOPLIST_FILE = YES;
				INFOPLIST_FILE = DamDa/Info.plist;
				INFOPLIST_KEY_UIApplicationSupportsIndirectInputEvents = YES;
				INFOPLIST_KEY_UILaunchStoryboardName = Main.storyboard;
				INFOPLIST_KEY_UIMainStoryboardFile = Main;
				INFOPLIST_KEY_UISupportedInterfaceOrientations = UIInterfaceOrientationPortrait;
				INFOPLIST_KEY_UISupportedInterfaceOrientations_iPad = "UIInterfaceOrientationPortrait UIInterfaceOrientationPortraitUpsideDown UIInterfaceOrientationLandscapeLeft UIInterfaceOrientationLandscapeRight";
				INFOPLIST_KEY_UISupportedInterfaceOrientations_iPhone = "UIInterfaceOrientationPortrait UIInterfaceOrientationLandscapeLeft UIInterfaceOrientationLandscapeRight";
				IPHONEOS_DEPLOYMENT_TARGET = 16.2;
				LD_RUNPATH_SEARCH_PATHS = (
					"$(inherited)",
					"@executable_path/Frameworks",
				);
				MARKETING_VERSION = 1.0;
				PRODUCT_BUNDLE_IDENTIFIER = chaseonho.DamDa;
				PRODUCT_NAME = "$(TARGET_NAME)";
				SWIFT_EMIT_LOC_STRINGS = YES;
				SWIFT_VERSION = 5.0;
				TARGETED_DEVICE_FAMILY = "1,2";
			};
			name = Debug;
		};
		DAD4742B283228310063912A /* Release */ = {
			isa = XCBuildConfiguration;
			baseConfigurationReference = 0A123CFFE218BD1A2D079F17 /* Pods-DamDa.release.xcconfig */;
			buildSettings = {
				ASSETCATALOG_COMPILER_APPICON_NAME = AppIcon;
				ASSETCATALOG_COMPILER_GLOBAL_ACCENT_COLOR_NAME = AccentColor;
				CODE_SIGN_STYLE = Automatic;
				CURRENT_PROJECT_VERSION = 1;
				DEVELOPMENT_TEAM = FX638LFAPD;
				GENERATE_INFOPLIST_FILE = YES;
				INFOPLIST_FILE = DamDa/Info.plist;
				INFOPLIST_KEY_UIApplicationSupportsIndirectInputEvents = YES;
				INFOPLIST_KEY_UILaunchStoryboardName = Main.storyboard;
				INFOPLIST_KEY_UIMainStoryboardFile = Main;
				INFOPLIST_KEY_UISupportedInterfaceOrientations = UIInterfaceOrientationPortrait;
				INFOPLIST_KEY_UISupportedInterfaceOrientations_iPad = "UIInterfaceOrientationPortrait UIInterfaceOrientationPortraitUpsideDown UIInterfaceOrientationLandscapeLeft UIInterfaceOrientationLandscapeRight";
				INFOPLIST_KEY_UISupportedInterfaceOrientations_iPhone = "UIInterfaceOrientationPortrait UIInterfaceOrientationLandscapeLeft UIInterfaceOrientationLandscapeRight";
				IPHONEOS_DEPLOYMENT_TARGET = 16.2;
				LD_RUNPATH_SEARCH_PATHS = (
					"$(inherited)",
					"@executable_path/Frameworks",
				);
				MARKETING_VERSION = 1.0;
				PRODUCT_BUNDLE_IDENTIFIER = chaseonho.DamDa;
				PRODUCT_NAME = "$(TARGET_NAME)";
				SWIFT_EMIT_LOC_STRINGS = YES;
				SWIFT_VERSION = 5.0;
				TARGETED_DEVICE_FAMILY = "1,2";
			};
			name = Release;
		};
/* End XCBuildConfiguration section */

/* Begin XCConfigurationList section */
		DAD474102832282F0063912A /* Build configuration list for PBXProject "DamDa" */ = {
			isa = XCConfigurationList;
			buildConfigurations = (
				DAD47427283228310063912A /* Debug */,
				DAD47428283228310063912A /* Release */,
			);
			defaultConfigurationIsVisible = 0;
			defaultConfigurationName = Release;
		};
		DAD47429283228310063912A /* Build configuration list for PBXNativeTarget "DamDa" */ = {
			isa = XCConfigurationList;
			buildConfigurations = (
				DAD4742A283228310063912A /* Debug */,
				DAD4742B283228310063912A /* Release */,
			);
			defaultConfigurationIsVisible = 0;
			defaultConfigurationName = Release;
		};
/* End XCConfigurationList section */

/* Begin XCRemoteSwiftPackageReference section */
		DABCDF67296C048B002F9BA9 /* XCRemoteSwiftPackageReference "realm-swift" */ = {
			isa = XCRemoteSwiftPackageReference;
			repositoryURL = "https://github.com/realm/realm-swift.git";
			requirement = {
				kind = upToNextMajorVersion;
				minimumVersion = 10.33.0;
			};
		};
		DAD51A832844F107002A2914 /* XCRemoteSwiftPackageReference "BSImagePicker" */ = {
			isa = XCRemoteSwiftPackageReference;
			repositoryURL = "https://github.com/mikaoj/BSImagePicker.git";
			requirement = {
				branch = master;
				kind = branch;
			};
		};
/* End XCRemoteSwiftPackageReference section */

/* Begin XCSwiftPackageProductDependency section */
		DABCDF68296C048B002F9BA9 /* Realm */ = {
			isa = XCSwiftPackageProductDependency;
			package = DABCDF67296C048B002F9BA9 /* XCRemoteSwiftPackageReference "realm-swift" */;
			productName = Realm;
		};
		DABCDF6A296C048B002F9BA9 /* RealmSwift */ = {
			isa = XCSwiftPackageProductDependency;
			package = DABCDF67296C048B002F9BA9 /* XCRemoteSwiftPackageReference "realm-swift" */;
			productName = RealmSwift;
		};
		DAD51A842844F107002A2914 /* BSImagePicker */ = {
			isa = XCSwiftPackageProductDependency;
			package = DAD51A832844F107002A2914 /* XCRemoteSwiftPackageReference "BSImagePicker" */;
			productName = BSImagePicker;
		};
/* End XCSwiftPackageProductDependency section */
	};
	rootObject = DAD4740D2832282F0063912A /* Project object */;
}
